
Microsoft Visual Studio Solution File, Format Version 12.00
# Visual Studio 15
VisualStudioVersion = 15.0.28307.271
MinimumVisualStudioVersion = 10.0.40219.1
Project("{FAE04EC0-301F-11D3-BF4B-00C04F79EFBC}") = "ListAdvancedNew", "ListAdvancedNew\ListAdvancedNew.csproj", "{DB357F20-E437-4C3B-A15B-F5639BB80A01}"
EndProject
Global
	GlobalSection(SolutionConfigurationPlatforms) = preSolution
		Debug|Any CPU = Debug|Any CPU
		Release|Any CPU = Release|Any CPU
	EndGlobalSection
	GlobalSection(ProjectConfigurationPlatforms) = postSolution
		{DB357F20-E437-4C3B-A15B-F5639BB80A01}.Debug|Any CPU.ActiveCfg = Debug|Any CPU
		{DB357F20-E437-4C3B-A15B-F5639BB80A01}.Debug|Any CPU.Build.0 = Debug|Any CPU
		{DB357F20-E437-4C3B-A15B-F5639BB80A01}.Release|Any CPU.ActiveCfg = Release|Any CPU
		{DB357F20-E437-4C3B-A15B-F5639BB80A01}.Release|Any CPU.Build.0 = Release|Any CPU
	EndGlobalSection
	GlobalSection(SolutionProperties) = preSolution
		HideSolutionNode = FALSE
	EndGlobalSection
	GlobalSection(ExtensibilityGlobals) = postSolution
		SolutionGuid = {1DED20B1-53E6-46E7-A2FB-F0A1F83BC4AA}
	EndGlobalSection
EndGlobal
